Microsoft Visual Studio Solution File, Format Version 12.00
# Visual Studio 2012
Project("{FAE04EC0-301F-11D3-BF4B-00C04F79EFBC}") = "Garden Pacman", "Garden Pacman.csproj", "{CA4D1943-9C95-411C-A6EB-D42D3F255D6F}"
EndProject
Global
	GlobalSection(SolutionConfigurationPlatforms) = preSolution
	Debug|Any CPU = Debug|Any CPU
	ExportDebug|Any CPU = ExportDebug|Any CPU
	ExportRelease|Any CPU = ExportRelease|Any CPU
	EndGlobalSection
	GlobalSection(ProjectConfigurationPlatforms) = postSolution
		{CA4D1943-9C95-411C-A6EB-D42D3F255D6F}.Debug|Any CPU.ActiveCfg = Debug|Any CPU
		{CA4D1943-9C95-411C-A6EB-D42D3F255D6F}.Debug|Any CPU.Build.0 = Debug|Any CPU
		{CA4D1943-9C95-411C-A6EB-D42D3F255D6F}.ExportDebug|Any CPU.ActiveCfg = ExportDebug|Any CPU
		{CA4D1943-9C95-411C-A6EB-D42D3F255D6F}.ExportDebug|Any CPU.Build.0 = ExportDebug|Any CPU
		{CA4D1943-9C95-411C-A6EB-D42D3F255D6F}.ExportRelease|Any CPU.ActiveCfg = ExportRelease|Any CPU
		{CA4D1943-9C95-411C-A6EB-D42D3F255D6F}.ExportRelease|Any CPU.Build.0 = ExportRelease|Any CPU
	EndGlobalSection
EndGlobal
